// !$*UTF8*$!
{
	archiveVersion = 1;
	classes = {
	};
	objectVersion = 50;
	objects = {

/* Begin PBXBuildFile section */
		E700917724685E25005FA915 /* CloudKit.framework in Frameworks */ = {isa = PBXBuildFile; fileRef = E739ACB52271024C00DCCC06 /* CloudKit.framework */; };
		E70DABB822625AF0009B02CD /* AuditiveTests.swift in Sources */ = {isa = PBXBuildFile; fileRef = E70DABB722625AF0009B02CD /* AuditiveTests.swift */; };
		E70DABC322625AF0009B02CD /* AuditiveUITests.swift in Sources */ = {isa = PBXBuildFile; fileRef = E70DABC222625AF0009B02CD /* AuditiveUITests.swift */; };
		E7340D8724B807EB00CC98C7 /* EnumWheelView.swift in Sources */ = {isa = PBXBuildFile; fileRef = E7340D8624B807EB00CC98C7 /* EnumWheelView.swift */; };
		E7403F2B2468B39900EA5631 /* Secret.swift in Sources */ = {isa = PBXBuildFile; fileRef = E7403F2A2468B39900EA5631 /* Secret.swift */; };
		E76EA0FE237B1A7800D1282A /* SceneDelegate.swift in Sources */ = {isa = PBXBuildFile; fileRef = E76EA0FD237B1A7800D1282A /* SceneDelegate.swift */; };
		E76EA106237B6BC800D1282A /* Recording.swift in Sources */ = {isa = PBXBuildFile; fileRef = E76EA105237B6BC800D1282A /* Recording.swift */; };
		E7761A19246225A3006C9E4A /* S3.swift in Sources */ = {isa = PBXBuildFile; fileRef = E7761A17246225A3006C9E4A /* S3.swift */; };
		E7761A1A246225A3006C9E4A /* XAttr.swift in Sources */ = {isa = PBXBuildFile; fileRef = E7761A18246225A3006C9E4A /* XAttr.swift */; };
		E7761A1C24622710006C9E4A /* AWS.swift in Sources */ = {isa = PBXBuildFile; fileRef = E7761A1B24622710006C9E4A /* AWS.swift */; };
		E77783AE24A1C51C00B7EE89 /* RatingView.swift in Sources */ = {isa = PBXBuildFile; fileRef = E77783AD24A1C51C00B7EE89 /* RatingView.swift */; };
		E78351D5237CA59A00576B00 /* RecordingView.swift in Sources */ = {isa = PBXBuildFile; fileRef = E78351D4237CA59A00576B00 /* RecordingView.swift */; };
		E78351D7237CAB8F00576B00 /* Leq.swift in Sources */ = {isa = PBXBuildFile; fileRef = E78351D6237CAB8F00576B00 /* Leq.swift */; };
		E78B0142249C6566009EA972 /* ConsentView.swift in Sources */ = {isa = PBXBuildFile; fileRef = E78B0141249C6566009EA972 /* ConsentView.swift */; };
		E78B0144249C6655009EA972 /* consent.html in Resources */ = {isa = PBXBuildFile; fileRef = E78B0143249C6655009EA972 /* consent.html */; };
		E78B0146249D2F44009EA972 /* Storage.swift in Sources */ = {isa = PBXBuildFile; fileRef = E78B0145249D2F44009EA972 /* Storage.swift */; };
		E78B0148249D3443009EA972 /* SurveyView.swift in Sources */ = {isa = PBXBuildFile; fileRef = E78B0147249D3443009EA972 /* SurveyView.swift */; };
		E78B014A249DBC29009EA972 /* KeyboardAdaptive.swift in Sources */ = {isa = PBXBuildFile; fileRef = E78B0149249DBC29009EA972 /* KeyboardAdaptive.swift */; };
		E796FD8024632D6200D17947 /* MyProgressBar.swift in Sources */ = {isa = PBXBuildFile; fileRef = E796FD7F24632D6200D17947 /* MyProgressBar.swift */; };
		E796FD8C246470EF00D17947 /* MapView.swift in Sources */ = {isa = PBXBuildFile; fileRef = E796FD8B246470EF00D17947 /* MapView.swift */; };
		E7A0EA082360C9210014C886 /* AppDelegate.swift in Sources */ = {isa = PBXBuildFile; fileRef = E7A0EA072360C9210014C886 /* AppDelegate.swift */; };
		E7A0EA0C2360C9210014C886 /* ContentView.swift in Sources */ = {isa = PBXBuildFile; fileRef = E7A0EA0B2360C9210014C886 /* ContentView.swift */; };
		E7A0EA0E2360C9220014C886 /* Assets.xcassets in Resources */ = {isa = PBXBuildFile; fileRef = E7A0EA0D2360C9220014C886 /* Assets.xcassets */; };
		E7A0EA112360C9220014C886 /* Preview Assets.xcassets in Resources */ = {isa = PBXBuildFile; fileRef = E7A0EA102360C9220014C886 /* Preview Assets.xcassets */; };
		E7A0EA142360C9220014C886 /* LaunchScreen.storyboard in Resources */ = {isa = PBXBuildFile; fileRef = E7A0EA122360C9220014C886 /* LaunchScreen.storyboard */; };
		E7B980EC24CD2FAE000FCEC0 /* ControlViews.swift in Sources */ = {isa = PBXBuildFile; fileRef = E796FD8124633B2E00D17947 /* ControlViews.swift */; };
		E7E01E1924A9006100BFA87C /* Survey.swift in Sources */ = {isa = PBXBuildFile; fileRef = E7E01E1824A9006100BFA87C /* Survey.swift */; };
/* End PBXBuildFile section */

/* Begin PBXFileReference section */
		E700917624685E10005FA915 /* Auditive.entitlements */ = {isa = PBXFileReference; lastKnownFileType = text.plist.entitlements; path = Auditive.entitlements; sourceTree = "<group>"; };
		E70DABB322625AF0009B02CD /* AuditiveTests.xctest */ = {isa = PBXFileReference; explicitFileType = wrapper.cfbundle; includeInIndex = 0; path = AuditiveTests.xctest; sourceTree = BUILT_PRODUCTS_DIR; };
		E70DABB722625AF0009B02CD /* AuditiveTests.swift */ = {isa = PBXFileReference; lastKnownFileType = sourcecode.swift; path = AuditiveTests.swift; sourceTree = "<group>"; };
		E70DABB922625AF0009B02CD /* Info.plist */ = {isa = PBXFileReference; lastKnownFileType = text.plist.xml; path = Info.plist; sourceTree = "<group>"; };
		E70DABBE22625AF0009B02CD /* AuditiveUITests.xctest */ = {isa = PBXFileReference; explicitFileType = wrapper.cfbundle; includeInIndex = 0; path = AuditiveUITests.xctest; sourceTree = BUILT_PRODUCTS_DIR; };
		E70DABC222625AF0009B02CD /* AuditiveUITests.swift */ = {isa = PBXFileReference; lastKnownFileType = sourcecode.swift; path = AuditiveUITests.swift; sourceTree = "<group>"; };
		E70DABC422625AF0009B02CD /* Info.plist */ = {isa = PBXFileReference; lastKnownFileType = text.plist.xml; path = Info.plist; sourceTree = "<group>"; };
		E7340D8624B807EB00CC98C7 /* EnumWheelView.swift */ = {isa = PBXFileReference; lastKnownFileType = sourcecode.swift; path = EnumWheelView.swift; sourceTree = "<group>"; };
		E739ACB52271024C00DCCC06 /* CloudKit.framework */ = {isa = PBXFileReference; lastKnownFileType = wrapper.framework; name = CloudKit.framework; path = System/Library/Frameworks/CloudKit.framework; sourceTree = SDKROOT; };
		E7403F2A2468B39900EA5631 /* Secret.swift */ = {isa = PBXFileReference; lastKnownFileType = sourcecode.swift; path = Secret.swift; sourceTree = "<group>"; };
		E74E1E1E2274E37F003774FF /* CoreLocation.framework */ = {isa = PBXFileReference; lastKnownFileType = wrapper.framework; name = CoreLocation.framework; path = System/Library/Frameworks/CoreLocation.framework; sourceTree = SDKROOT; };
		E76EA0FD237B1A7800D1282A /* SceneDelegate.swift */ = {isa = PBXFileReference; lastKnownFileType = sourcecode.swift; path = SceneDelegate.swift; sourceTree = "<group>"; };
		E76EA105237B6BC800D1282A /* Recording.swift */ = {isa = PBXFileReference; lastKnownFileType = sourcecode.swift; path = Recording.swift; sourceTree = "<group>"; };
		E773940E235F60E100DE5031 /* README.md */ = {isa = PBXFileReference; fileEncoding = 4; lastKnownFileType = net.daringfireball.markdown; path = README.md; sourceTree = "<group>"; };
		E7761A17246225A3006C9E4A /* S3.swift */ = {isa = PBXFileReference; fileEncoding = 4; lastKnownFileType = sourcecode.swift; path = S3.swift; sourceTree = "<group>"; };
		E7761A18246225A3006C9E4A /* XAttr.swift */ = {isa = PBXFileReference; fileEncoding = 4; lastKnownFileType = sourcecode.swift; path = XAttr.swift; sourceTree = "<group>"; };
		E7761A1B24622710006C9E4A /* AWS.swift */ = {isa = PBXFileReference; fileEncoding = 4; lastKnownFileType = sourcecode.swift; path = AWS.swift; sourceTree = "<group>"; };
		E77783AD24A1C51C00B7EE89 /* RatingView.swift */ = {isa = PBXFileReference; lastKnownFileType = sourcecode.swift; path = RatingView.swift; sourceTree = "<group>"; };
		E78351D4237CA59A00576B00 /* RecordingView.swift */ = {isa = PBXFileReference; lastKnownFileType = sourcecode.swift; path = RecordingView.swift; sourceTree = "<group>"; };
		E78351D6237CAB8F00576B00 /* Leq.swift */ = {isa = PBXFileReference; lastKnownFileType = sourcecode.swift; path = Leq.swift; sourceTree = "<group>"; };
		E78B0141249C6566009EA972 /* ConsentView.swift */ = {isa = PBXFileReference; lastKnownFileType = sourcecode.swift; path = ConsentView.swift; sourceTree = "<group>"; };
		E78B0143249C6655009EA972 /* consent.html */ = {isa = PBXFileReference; lastKnownFileType = text.html; path = consent.html; sourceTree = "<group>"; };
		E78B0145249D2F44009EA972 /* Storage.swift */ = {isa = PBXFileReference; lastKnownFileType = sourcecode.swift; path = Storage.swift; sourceTree = "<group>"; };
		E78B0147249D3443009EA972 /* SurveyView.swift */ = {isa = PBXFileReference; lastKnownFileType = sourcecode.swift; path = SurveyView.swift; sourceTree = "<group>"; };
		E78B0149249DBC29009EA972 /* KeyboardAdaptive.swift */ = {isa = PBXFileReference; lastKnownFileType = sourcecode.swift; path = KeyboardAdaptive.swift; sourceTree = "<group>"; };
		E796FD7F24632D6200D17947 /* MyProgressBar.swift */ = {isa = PBXFileReference; fileEncoding = 4; lastKnownFileType = sourcecode.swift; path = MyProgressBar.swift; sourceTree = "<group>"; };
		E796FD8124633B2E00D17947 /* ControlViews.swift */ = {isa = PBXFileReference; fileEncoding = 4; lastKnownFileType = sourcecode.swift; path = ControlViews.swift; sourceTree = "<group>"; };
		E796FD8B246470EF00D17947 /* MapView.swift */ = {isa = PBXFileReference; lastKnownFileType = sourcecode.swift; path = MapView.swift; sourceTree = "<group>"; };
		E7A0EA052360C9210014C886 /* Auditive.app */ = {isa = PBXFileReference; explicitFileType = wrapper.application; includeInIndex = 0; path = Auditive.app; sourceTree = BUILT_PRODUCTS_DIR; };
		E7A0EA072360C9210014C886 /* AppDelegate.swift */ = {isa = PBXFileReference; lastKnownFileType = sourcecode.swift; path = AppDelegate.swift; sourceTree = "<group>"; };
		E7A0EA0B2360C9210014C886 /* ContentView.swift */ = {isa = PBXFileReference; lastKnownFileType = sourcecode.swift; path = ContentView.swift; sourceTree = "<group>"; };
		E7A0EA0D2360C9220014C886 /* Assets.xcassets */ = {isa = PBXFileReference; lastKnownFileType = folder.assetcatalog; path = Assets.xcassets; sourceTree = "<group>"; };
		E7A0EA102360C9220014C886 /* Preview Assets.xcassets */ = {isa = PBXFileReference; lastKnownFileType = folder.assetcatalog; path = "Preview Assets.xcassets"; sourceTree = "<group>"; };
		E7A0EA132360C9220014C886 /* Base */ = {isa = PBXFileReference; lastKnownFileType = file.storyboard; name = Base; path = Base.lproj/LaunchScreen.storyboard; sourceTree = "<group>"; };
		E7A0EA152360C9220014C886 /* Info.plist */ = {isa = PBXFileReference; lastKnownFileType = text.plist.xml; path = Info.plist; sourceTree = "<group>"; };
		E7E01E1824A9006100BFA87C /* Survey.swift */ = {isa = PBXFileReference; lastKnownFileType = sourcecode.swift; path = Survey.swift; sourceTree = "<group>"; };
/* End PBXFileReference section */

/* Begin PBXFrameworksBuildPhase section */
		E70DABB022625AF0009B02CD /* Frameworks */ = {
			isa = PBXFrameworksBuildPhase;
			buildActionMask = 2147483647;
			files = (
			);
			runOnlyForDeploymentPostprocessing = 0;
		};
		E70DABBB22625AF0009B02CD /* Frameworks */ = {
			isa = PBXFrameworksBuildPhase;
			buildActionMask = 2147483647;
			files = (
			);
			runOnlyForDeploymentPostprocessing = 0;
		};
		E7A0EA022360C9210014C886 /* Frameworks */ = {
			isa = PBXFrameworksBuildPhase;
			buildActionMask = 2147483647;
			files = (
				E700917724685E25005FA915 /* CloudKit.framework in Frameworks */,
			);
			runOnlyForDeploymentPostprocessing = 0;
		};
/* End PBXFrameworksBuildPhase section */

/* Begin PBXGroup section */
		E70DAB9222625AEC009B02CD = {
			isa = PBXGroup;
			children = (
				E757775D235FB74300B96D05 /* Resources */,
				E773940E235F60E100DE5031 /* README.md */,
				E70DABB622625AF0009B02CD /* AuditiveTests */,
				E70DABC122625AF0009B02CD /* AuditiveUITests */,
				E7A0EA062360C9210014C886 /* Auditive */,
				E70DAB9C22625AED009B02CD /* Products */,
				E739ACB42271024C00DCCC06 /* Frameworks */,
			);
			sourceTree = "<group>";
		};
		E70DAB9C22625AED009B02CD /* Products */ = {
			isa = PBXGroup;
			children = (
				E70DABB322625AF0009B02CD /* AuditiveTests.xctest */,
				E70DABBE22625AF0009B02CD /* AuditiveUITests.xctest */,
				E7A0EA052360C9210014C886 /* Auditive.app */,
			);
			name = Products;
			sourceTree = "<group>";
		};
		E70DABB622625AF0009B02CD /* AuditiveTests */ = {
			isa = PBXGroup;
			children = (
				E70DABB722625AF0009B02CD /* AuditiveTests.swift */,
				E70DABB922625AF0009B02CD /* Info.plist */,
			);
			path = AuditiveTests;
			sourceTree = "<group>";
		};
		E70DABC122625AF0009B02CD /* AuditiveUITests */ = {
			isa = PBXGroup;
			children = (
				E70DABC222625AF0009B02CD /* AuditiveUITests.swift */,
				E70DABC422625AF0009B02CD /* Info.plist */,
			);
			path = AuditiveUITests;
			sourceTree = "<group>";
		};
		E739ACB42271024C00DCCC06 /* Frameworks */ = {
			isa = PBXGroup;
			children = (
				E74E1E1E2274E37F003774FF /* CoreLocation.framework */,
				E739ACB52271024C00DCCC06 /* CloudKit.framework */,
			);
			name = Frameworks;
			sourceTree = "<group>";
		};
		E757775D235FB74300B96D05 /* Resources */ = {
			isa = PBXGroup;
			children = (
				E7A0EA0D2360C9220014C886 /* Assets.xcassets */,
				E78B0143249C6655009EA972 /* consent.html */,
			);
			path = Resources;
			sourceTree = "<group>";
		};
		E7A0EA062360C9210014C886 /* Auditive */ = {
			isa = PBXGroup;
			children = (
				E700917624685E10005FA915 /* Auditive.entitlements */,
				E7A0EA072360C9210014C886 /* AppDelegate.swift */,
				E76EA0FD237B1A7800D1282A /* SceneDelegate.swift */,
				E7A0EA0B2360C9210014C886 /* ContentView.swift */,
				E78B0147249D3443009EA972 /* SurveyView.swift */,
				E7E01E1824A9006100BFA87C /* Survey.swift */,
				E77783AD24A1C51C00B7EE89 /* RatingView.swift */,
				E78B0149249DBC29009EA972 /* KeyboardAdaptive.swift */,
				E78B0145249D2F44009EA972 /* Storage.swift */,
				E78B0141249C6566009EA972 /* ConsentView.swift */,
				E78351D4237CA59A00576B00 /* RecordingView.swift */,
				E796FD8124633B2E00D17947 /* ControlViews.swift */,
				E796FD8B246470EF00D17947 /* MapView.swift */,
				E76EA105237B6BC800D1282A /* Recording.swift */,
				E796FD7F24632D6200D17947 /* MyProgressBar.swift */,
				E78351D6237CAB8F00576B00 /* Leq.swift */,
				E7761A1B24622710006C9E4A /* AWS.swift */,
				E7761A17246225A3006C9E4A /* S3.swift */,
				E7761A18246225A3006C9E4A /* XAttr.swift */,
				E7403F2A2468B39900EA5631 /* Secret.swift */,
				E7A0EA122360C9220014C886 /* LaunchScreen.storyboard */,
				E7A0EA152360C9220014C886 /* Info.plist */,
				E7A0EA0F2360C9220014C886 /* Preview Content */,
				E7340D8624B807EB00CC98C7 /* EnumWheelView.swift */,
			);
			path = Auditive;
			sourceTree = "<group>";
		};
		E7A0EA0F2360C9220014C886 /* Preview Content */ = {
			isa = PBXGroup;
			children = (
				E7A0EA102360C9220014C886 /* Preview Assets.xcassets */,
			);
			path = "Preview Content";
			sourceTree = "<group>";
		};
/* End PBXGroup section */

/* Begin PBXNativeTarget section */
		E70DABB222625AF0009B02CD /* AuditiveTests */ = {
			isa = PBXNativeTarget;
			buildConfigurationList = E70DABCA22625AF0009B02CD /* Build configuration list for PBXNativeTarget "AuditiveTests" */;
			buildPhases = (
				E70DABAF22625AF0009B02CD /* Sources */,
				E70DABB022625AF0009B02CD /* Frameworks */,
				E70DABB122625AF0009B02CD /* Resources */,
			);
			buildRules = (
			);
			dependencies = (
			);
			name = AuditiveTests;
			productName = AuditiveTests;
			productReference = E70DABB322625AF0009B02CD /* AuditiveTests.xctest */;
			productType = "com.apple.product-type.bundle.unit-test";
		};
		E70DABBD22625AF0009B02CD /* AuditiveUITests */ = {
			isa = PBXNativeTarget;
			buildConfigurationList = E70DABCD22625AF0009B02CD /* Build configuration list for PBXNativeTarget "AuditiveUITests" */;
			buildPhases = (
				E70DABBA22625AF0009B02CD /* Sources */,
				E70DABBB22625AF0009B02CD /* Frameworks */,
				E70DABBC22625AF0009B02CD /* Resources */,
			);
			buildRules = (
			);
			dependencies = (
			);
			name = AuditiveUITests;
			productName = AuditiveUITests;
			productReference = E70DABBE22625AF0009B02CD /* AuditiveUITests.xctest */;
			productType = "com.apple.product-type.bundle.ui-testing";
		};
		E7A0EA042360C9210014C886 /* Auditive */ = {
			isa = PBXNativeTarget;
			buildConfigurationList = E7A0EA162360C9220014C886 /* Build configuration list for PBXNativeTarget "Auditive" */;
			buildPhases = (
				E7A0EA012360C9210014C886 /* Sources */,
				E7A0EA022360C9210014C886 /* Frameworks */,
				E7A0EA032360C9210014C886 /* Resources */,
			);
			buildRules = (
			);
			dependencies = (
			);
			name = Auditive;
			productName = Clem;
			productReference = E7A0EA052360C9210014C886 /* Auditive.app */;
			productType = "com.apple.product-type.application";
		};
/* End PBXNativeTarget section */

/* Begin PBXProject section */
		E70DAB9322625AEC009B02CD /* Project object */ = {
			isa = PBXProject;
			attributes = {
				LastSwiftUpdateCheck = 1110;
				LastUpgradeCheck = 1200;
				ORGANIZATIONNAME = Semasiology;
				TargetAttributes = {
					E70DABB222625AF0009B02CD = {
						CreatedOnToolsVersion = 10.2;
						TestTargetID = E70DAB9A22625AED009B02CD;
					};
					E70DABBD22625AF0009B02CD = {
						CreatedOnToolsVersion = 10.2;
						TestTargetID = E70DAB9A22625AED009B02CD;
					};
					E7A0EA042360C9210014C886 = {
						CreatedOnToolsVersion = 11.1;
					};
				};
			};
			buildConfigurationList = E70DAB9622625AEC009B02CD /* Build configuration list for PBXProject "Auditive" */;
			compatibilityVersion = "Xcode 9.3";
			developmentRegion = en;
			hasScannedForEncodings = 0;
			knownRegions = (
				en,
				Base,
			);
			mainGroup = E70DAB9222625AEC009B02CD;
			packageReferences = (
			);
			productRefGroup = E70DAB9C22625AED009B02CD /* Products */;
			projectDirPath = "";
			projectRoot = "";
			targets = (
				E7A0EA042360C9210014C886 /* Auditive */,
				E70DABB222625AF0009B02CD /* AuditiveTests */,
				E70DABBD22625AF0009B02CD /* AuditiveUITests */,
			);
		};
/* End PBXProject section */

/* Begin PBXResourcesBuildPhase section */
		E70DABB122625AF0009B02CD /* Resources */ = {
			isa = PBXResourcesBuildPhase;
			buildActionMask = 2147483647;
			files = (
			);
			runOnlyForDeploymentPostprocessing = 0;
		};
		E70DABBC22625AF0009B02CD /* Resources */ = {
			isa = PBXResourcesBuildPhase;
			buildActionMask = 2147483647;
			files = (
			);
			runOnlyForDeploymentPostprocessing = 0;
		};
		E7A0EA032360C9210014C886 /* Resources */ = {
			isa = PBXResourcesBuildPhase;
			buildActionMask = 2147483647;
			files = (
				E7A0EA142360C9220014C886 /* LaunchScreen.storyboard in Resources */,
				E78B0144249C6655009EA972 /* consent.html in Resources */,
				E7A0EA112360C9220014C886 /* Preview Assets.xcassets in Resources */,
				E7A0EA0E2360C9220014C886 /* Assets.xcassets in Resources */,
			);
			runOnlyForDeploymentPostprocessing = 0;
		};
/* End PBXResourcesBuildPhase section */

/* Begin PBXSourcesBuildPhase section */
		E70DABAF22625AF0009B02CD /* Sources */ = {
			isa = PBXSourcesBuildPhase;
			buildActionMask = 2147483647;
			files = (
				E70DABB822625AF0009B02CD /* AuditiveTests.swift in Sources */,
			);
			runOnlyForDeploymentPostprocessing = 0;
		};
		E70DABBA22625AF0009B02CD /* Sources */ = {
			isa = PBXSourcesBuildPhase;
			buildActionMask = 2147483647;
			files = (
				E70DABC322625AF0009B02CD /* AuditiveUITests.swift in Sources */,
			);
			runOnlyForDeploymentPostprocessing = 0;
		};
		E7A0EA012360C9210014C886 /* Sources */ = {
			isa = PBXSourcesBuildPhase;
			buildActionMask = 2147483647;
			files = (
				E7A0EA082360C9210014C886 /* AppDelegate.swift in Sources */,
				E7761A19246225A3006C9E4A /* S3.swift in Sources */,
				E7E01E1924A9006100BFA87C /* Survey.swift in Sources */,
				E78B0146249D2F44009EA972 /* Storage.swift in Sources */,
				E7A0EA0C2360C9210014C886 /* ContentView.swift in Sources */,
				E78351D5237CA59A00576B00 /* RecordingView.swift in Sources */,
				E78B0148249D3443009EA972 /* SurveyView.swift in Sources */,
				E7B980EC24CD2FAE000FCEC0 /* ControlViews.swift in Sources */,
				E76EA0FE237B1A7800D1282A /* SceneDelegate.swift in Sources */,
				E7340D8724B807EB00CC98C7 /* EnumWheelView.swift in Sources */,
				E796FD8C246470EF00D17947 /* MapView.swift in Sources */,
				E77783AE24A1C51C00B7EE89 /* RatingView.swift in Sources */,
				E7403F2B2468B39900EA5631 /* Secret.swift in Sources */,
				E78B0142249C6566009EA972 /* ConsentView.swift in Sources */,
				E7761A1C24622710006C9E4A /* AWS.swift in Sources */,
				E78351D7237CAB8F00576B00 /* Leq.swift in Sources */,
				E76EA106237B6BC800D1282A /* Recording.swift in Sources */,
				E78B014A249DBC29009EA972 /* KeyboardAdaptive.swift in Sources */,
				E796FD8024632D6200D17947 /* MyProgressBar.swift in Sources */,
				E7761A1A246225A3006C9E4A /* XAttr.swift in Sources */,
			);
			runOnlyForDeploymentPostprocessing = 0;
		};
/* End PBXSourcesBuildPhase section */

/* Begin PBXVariantGroup section */
		E7A0EA122360C9220014C886 /* LaunchScreen.storyboard */ = {
			isa = PBXVariantGroup;
			children = (
				E7A0EA132360C9220014C886 /* Base */,
			);
			name = LaunchScreen.storyboard;
			sourceTree = "<group>";
		};
/* End PBXVariantGroup section */

/* Begin XCBuildConfiguration section */
		E70DABC522625AF0009B02CD /* Debug */ = {
			isa = XCBuildConfiguration;
			buildSettings = {
				ALWAYS_SEARCH_USER_PATHS = NO;
				CLANG_ANALYZER_NONNULL = YES;
				CLANG_ANALYZER_NUMBER_OBJECT_CONVERSION = YES_AGGRESSIVE;
				CLANG_CXX_LANGUAGE_STANDARD = "gnu++14";
				CLANG_CXX_LIBRARY = "libc++";
				CLANG_ENABLE_MODULES = YES;
				CLANG_ENABLE_OBJC_ARC = YES;
				CLANG_ENABLE_OBJC_WEAK = YES;
				CLANG_WARN_BLOCK_CAPTURE_AUTORELEASING = YES;
				CLANG_WARN_BOOL_CONVERSION = YES;
				CLANG_WARN_COMMA = YES;
				CLANG_WARN_CONSTANT_CONVERSION = YES;
				CLANG_WARN_DEPRECATED_OBJC_IMPLEMENTATIONS = YES;
				CLANG_WARN_DIRECT_OBJC_ISA_USAGE = YES_ERROR;
				CLANG_WARN_DOCUMENTATION_COMMENTS = YES;
				CLANG_WARN_EMPTY_BODY = YES;
				CLANG_WARN_ENUM_CONVERSION = YES;
				CLANG_WARN_INFINITE_RECURSION = YES;
				CLANG_WARN_INT_CONVERSION = YES;
				CLANG_WARN_NON_LITERAL_NULL_CONVERSION = YES;
				CLANG_WARN_OBJC_IMPLICIT_RETAIN_SELF = YES;
				CLANG_WARN_OBJC_LITERAL_CONVERSION = YES;
				CLANG_WARN_OBJC_ROOT_CLASS = YES_ERROR;
				CLANG_WARN_QUOTED_INCLUDE_IN_FRAMEWORK_HEADER = YES;
				CLANG_WARN_RANGE_LOOP_ANALYSIS = YES;
				CLANG_WARN_STRICT_PROTOTYPES = YES;
				CLANG_WARN_SUSPICIOUS_MOVE = YES;
				CLANG_WARN_UNGUARDED_AVAILABILITY = YES_AGGRESSIVE;
				CLANG_WARN_UNREACHABLE_CODE = YES;
				CLANG_WARN__DUPLICATE_METHOD_MATCH = YES;
				CODE_SIGN_IDENTITY = "iPhone Developer";
				COPY_PHASE_STRIP = NO;
				DEBUG_INFORMATION_FORMAT = dwarf;
				ENABLE_STRICT_OBJC_MSGSEND = YES;
				ENABLE_TESTABILITY = YES;
				GCC_C_LANGUAGE_STANDARD = gnu11;
				GCC_DYNAMIC_NO_PIC = NO;
				GCC_NO_COMMON_BLOCKS = YES;
				GCC_OPTIMIZATION_LEVEL = 0;
				GCC_PREPROCESSOR_DEFINITIONS = (
					"DEBUG=1",
					"$(inherited)",
				);
				GCC_WARN_64_TO_32_BIT_CONVERSION = YES;
				GCC_WARN_ABOUT_RETURN_TYPE = YES_ERROR;
				GCC_WARN_UNDECLARED_SELECTOR = YES;
				GCC_WARN_UNINITIALIZED_AUTOS = YES_AGGRESSIVE;
				GCC_WARN_UNUSED_FUNCTION = YES;
				GCC_WARN_UNUSED_VARIABLE = YES;
				IPHONEOS_DEPLOYMENT_TARGET = 13.1;
				MTL_ENABLE_DEBUG_INFO = INCLUDE_SOURCE;
				MTL_FAST_MATH = YES;
				ONLY_ACTIVE_ARCH = YES;
				SDKROOT = iphoneos;
				SWIFT_ACTIVE_COMPILATION_CONDITIONS = DEBUG;
				SWIFT_OPTIMIZATION_LEVEL = "-Onone";
			};
			name = Debug;
		};
		E70DABC622625AF0009B02CD /* Release */ = {
			isa = XCBuildConfiguration;
			buildSettings = {
				ALWAYS_SEARCH_USER_PATHS = NO;
				CLANG_ANALYZER_NONNULL = YES;
				CLANG_ANALYZER_NUMBER_OBJECT_CONVERSION = YES_AGGRESSIVE;
				CLANG_CXX_LANGUAGE_STANDARD = "gnu++14";
				CLANG_CXX_LIBRARY = "libc++";
				CLANG_ENABLE_MODULES = YES;
				CLANG_ENABLE_OBJC_ARC = YES;
				CLANG_ENABLE_OBJC_WEAK = YES;
				CLANG_WARN_BLOCK_CAPTURE_AUTORELEASING = YES;
				CLANG_WARN_BOOL_CONVERSION = YES;
				CLANG_WARN_COMMA = YES;
				CLANG_WARN_CONSTANT_CONVERSION = YES;
				CLANG_WARN_DEPRECATED_OBJC_IMPLEMENTATIONS = YES;
				CLANG_WARN_DIRECT_OBJC_ISA_USAGE = YES_ERROR;
				CLANG_WARN_DOCUMENTATION_COMMENTS = YES;
				CLANG_WARN_EMPTY_BODY = YES;
				CLANG_WARN_ENUM_CONVERSION = YES;
				CLANG_WARN_INFINITE_RECURSION = YES;
				CLANG_WARN_INT_CONVERSION = YES;
				CLANG_WARN_NON_LITERAL_NULL_CONVERSION = YES;
				CLANG_WARN_OBJC_IMPLICIT_RETAIN_SELF = YES;
				CLANG_WARN_OBJC_LITERAL_CONVERSION = YES;
				CLANG_WARN_OBJC_ROOT_CLASS = YES_ERROR;
				CLANG_WARN_QUOTED_INCLUDE_IN_FRAMEWORK_HEADER = YES;
				CLANG_WARN_RANGE_LOOP_ANALYSIS = YES;
				CLANG_WARN_STRICT_PROTOTYPES = YES;
				CLANG_WARN_SUSPICIOUS_MOVE = YES;
				CLANG_WARN_UNGUARDED_AVAILABILITY = YES_AGGRESSIVE;
				CLANG_WARN_UNREACHABLE_CODE = YES;
				CLANG_WARN__DUPLICATE_METHOD_MATCH = YES;
				CODE_SIGN_IDENTITY = "iPhone Developer";
				COPY_PHASE_STRIP = NO;
				DEBUG_INFORMATION_FORMAT = "dwarf-with-dsym";
				ENABLE_NS_ASSERTIONS = NO;
				ENABLE_STRICT_OBJC_MSGSEND = YES;
				GCC_C_LANGUAGE_STANDARD = gnu11;
				GCC_NO_COMMON_BLOCKS = YES;
				GCC_WARN_64_TO_32_BIT_CONVERSION = YES;
				GCC_WARN_ABOUT_RETURN_TYPE = YES_ERROR;
				GCC_WARN_UNDECLARED_SELECTOR = YES;
				GCC_WARN_UNINITIALIZED_AUTOS = YES_AGGRESSIVE;
				GCC_WARN_UNUSED_FUNCTION = YES;
				GCC_WARN_UNUSED_VARIABLE = YES;
				IPHONEOS_DEPLOYMENT_TARGET = 13.1;
				MTL_ENABLE_DEBUG_INFO = NO;
				MTL_FAST_MATH = YES;
				SDKROOT = iphoneos;
				SWIFT_COMPILATION_MODE = wholemodule;
				SWIFT_OPTIMIZATION_LEVEL = "-O";
				VALIDATE_PRODUCT = YES;
			};
			name = Release;
		};
		E70DABCB22625AF0009B02CD /* Debug */ = {
			isa = XCBuildConfiguration;
			buildSettings = {
				BUNDLE_LOADER = "$(TEST_HOST)";
				CODE_SIGN_STYLE = Automatic;
				DEVELOPMENT_TEAM = MHEBPE6SV2;
				INFOPLIST_FILE = AuditiveTests/Info.plist;
				LD_RUNPATH_SEARCH_PATHS = (
					"$(inherited)",
					"@executable_path/Frameworks",
					"@loader_path/Frameworks",
				);
				PRODUCT_BUNDLE_IDENTIFIER = net.r0ml.mac.AuditiveTests;
				PRODUCT_NAME = "$(TARGET_NAME)";
				SWIFT_VERSION = 5.0;
				TARGETED_DEVICE_FAMILY = "1,2";
				TEST_HOST = "$(BUILT_PRODUCTS_DIR)/Auditive.app/Auditive";
			};
			name = Debug;
		};
		E70DABCC22625AF0009B02CD /* Release */ = {
			isa = XCBuildConfiguration;
			buildSettings = {
				BUNDLE_LOADER = "$(TEST_HOST)";
				CODE_SIGN_STYLE = Automatic;
				DEVELOPMENT_TEAM = MHEBPE6SV2;
				INFOPLIST_FILE = AuditiveTests/Info.plist;
				LD_RUNPATH_SEARCH_PATHS = (
					"$(inherited)",
					"@executable_path/Frameworks",
					"@loader_path/Frameworks",
				);
				PRODUCT_BUNDLE_IDENTIFIER = net.r0ml.mac.AuditiveTests;
				PRODUCT_NAME = "$(TARGET_NAME)";
				SWIFT_VERSION = 5.0;
				TARGETED_DEVICE_FAMILY = "1,2";
				TEST_HOST = "$(BUILT_PRODUCTS_DIR)/Auditive.app/Auditive";
			};
			name = Release;
		};
		E70DABCE22625AF0009B02CD /* Debug */ = {
			isa = XCBuildConfiguration;
			buildSettings = {
				CODE_SIGN_STYLE = Automatic;
				DEVELOPMENT_TEAM = MHEBPE6SV2;
				INFOPLIST_FILE = AuditiveUITests/Info.plist;
				LD_RUNPATH_SEARCH_PATHS = (
					"$(inherited)",
					"@executable_path/Frameworks",
					"@loader_path/Frameworks",
				);
				PRODUCT_BUNDLE_IDENTIFIER = net.r0ml.mac.AuditiveUITests;
				PRODUCT_NAME = "$(TARGET_NAME)";
				SWIFT_VERSION = 5.0;
				TARGETED_DEVICE_FAMILY = "1,2";
				TEST_TARGET_NAME = Auditive;
			};
			name = Debug;
		};
		E70DABCF22625AF0009B02CD /* Release */ = {
			isa = XCBuildConfiguration;
			buildSettings = {
				CODE_SIGN_STYLE = Automatic;
				DEVELOPMENT_TEAM = MHEBPE6SV2;
				INFOPLIST_FILE = AuditiveUITests/Info.plist;
				LD_RUNPATH_SEARCH_PATHS = (
					"$(inherited)",
					"@executable_path/Frameworks",
					"@loader_path/Frameworks",
				);
				PRODUCT_BUNDLE_IDENTIFIER = net.r0ml.mac.AuditiveUITests;
				PRODUCT_NAME = "$(TARGET_NAME)";
				SWIFT_VERSION = 5.0;
				TARGETED_DEVICE_FAMILY = "1,2";
				TEST_TARGET_NAME = Auditive;
			};
			name = Release;
		};
		E7A0EA172360C9220014C886 /* Debug */ = {
			isa = XCBuildConfiguration;
			buildSettings = {
				ASSETCATALOG_COMPILER_APPICON_NAME = AppIcon;
				CODE_SIGN_ENTITLEMENTS = Auditive/Auditive.entitlements;
				CODE_SIGN_STYLE = Automatic;
				DEVELOPMENT_ASSET_PATHS = "\"Auditive/Preview Content\"";
				DEVELOPMENT_TEAM = P2DQ2FPSMV;
				ENABLE_PREVIEWS = YES;
				INFOPLIST_FILE = Auditive/Info.plist;
				IPHONEOS_DEPLOYMENT_TARGET = 13.1;
				LD_RUNPATH_SEARCH_PATHS = (
					"$(inherited)",
					"@executable_path/Frameworks",
				);
				PRODUCT_BUNDLE_IDENTIFIER = edu.qcc.quacs.Auditive;
				PRODUCT_NAME = "$(TARGET_NAME)";
				SWIFT_VERSION = 5.0;
				TARGETED_DEVICE_FAMILY = "1,2";
			};
			name = Debug;
		};
		E7A0EA182360C9220014C886 /* Release */ = {
			isa = XCBuildConfiguration;
			buildSettings = {
				ASSETCATALOG_COMPILER_APPICON_NAME = AppIcon;
				CODE_SIGN_ENTITLEMENTS = Auditive/Auditive.entitlements;
				CODE_SIGN_STYLE = Automatic;
				DEVELOPMENT_ASSET_PATHS = "\"Auditive/Preview Content\"";
				DEVELOPMENT_TEAM = P2DQ2FPSMV;
				ENABLE_PREVIEWS = YES;
				INFOPLIST_FILE = Auditive/Info.plist;
				IPHONEOS_DEPLOYMENT_TARGET = 13.1;
				LD_RUNPATH_SEARCH_PATHS = (
					"$(inherited)",
					"@executable_path/Frameworks",
				);
				PRODUCT_BUNDLE_IDENTIFIER = edu.qcc.quacs.Auditive;
				PRODUCT_NAME = "$(TARGET_NAME)";
				SWIFT_VERSION = 5.0;
				TARGETED_DEVICE_FAMILY = "1,2";
			};
			name = Release;
		};
/* End XCBuildConfiguration section */

/* Begin XCConfigurationList section */
		E70DAB9622625AEC009B02CD /* Build configuration list for PBXProject "Auditive" */ = {
			isa = XCConfigurationList;
			buildConfigurations = (
				E70DABC522625AF0009B02CD /* Debug */,
				E70DABC622625AF0009B02CD /* Release */,
			);
			defaultConfigurationIsVisible = 0;
			defaultConfigurationName = Release;
		};
		E70DABCA22625AF0009B02CD /* Build configuration list for PBXNativeTarget "AuditiveTests" */ = {
			isa = XCConfigurationList;
			buildConfigurations = (
				E70DABCB22625AF0009B02CD /* Debug */,
				E70DABCC22625AF0009B02CD /* Release */,
			);
			defaultConfigurationIsVisible = 0;
			defaultConfigurationName = Release;
		};
		E70DABCD22625AF0009B02CD /* Build configuration list for PBXNativeTarget "AuditiveUITests" */ = {
			isa = XCConfigurationList;
			buildConfigurations = (
				E70DABCE22625AF0009B02CD /* Debug */,
				E70DABCF22625AF0009B02CD /* Release */,
			);
			defaultConfigurationIsVisible = 0;
			defaultConfigurationName = Release;
		};
		E7A0EA162360C9220014C886 /* Build configuration list for PBXNativeTarget "Auditive" */ = {
			isa = XCConfigurationList;
			buildConfigurations = (
				E7A0EA172360C9220014C886 /* Debug */,
				E7A0EA182360C9220014C886 /* Release */,
			);
			defaultConfigurationIsVisible = 0;
			defaultConfigurationName = Release;
		};
/* End XCConfigurationList section */
	};
	rootObject = E70DAB9322625AEC009B02CD /* Project object */;
}
